
Microsoft Visual Studio Solution File, Format Version 12.00
# Visual Studio Version 17
VisualStudioVersion = 17.3.32804.467
MinimumVisualStudioVersion = 10.0.40219.1
Project("{9A19103F-16F7-4668-BE54-9A1E7A4F7556}") = "WebAPI", "WebAPI\WebAPI.csproj", "{4B160EF3-0F46-498A-B879-14E6BA35847D}"
EndProject
Project("{9A19103F-16F7-4668-BE54-9A1E7A4F7556}") = "Tests", "Tests\Tests.csproj", "{9C3DEBD5-2316-4225-A602-360A0AF648BF}"
EndProject
Global
	GlobalSection(SolutionConfigurationPlatforms) = preSolution
		Debug|Any CPU = Debug|Any CPU
		Release|Any CPU = Release|Any CPU
	EndGlobalSection
	GlobalSection(ProjectConfigurationPlatforms) = postSolution
		{4B160EF3-0F46-498A-B879-14E6BA35847D}.Debug|Any CPU.ActiveCfg = Debug|Any CPU
		{4B160EF3-0F46-498A-B879-14E6BA35847D}.Debug|Any CPU.Build.0 = Debug|Any CPU
		{4B160EF3-0F46-498A-B879-14E6BA35847D}.Release|Any CPU.ActiveCfg = Release|Any CPU
		{4B160EF3-0F46-498A-B879-14E6BA35847D}.Release|Any CPU.Build.0 = Release|Any CPU
		{9C3DEBD5-2316-4225-A602-360A0AF648BF}.Debug|Any CPU.ActiveCfg = Debug|Any CPU
		{9C3DEBD5-2316-4225-A602-360A0AF648BF}.Debug|Any CPU.Build.0 = Debug|Any CPU
		{9C3DEBD5-2316-4225-A602-360A0AF648BF}.Release|Any CPU.ActiveCfg = Release|Any CPU
		{9C3DEBD5-2316-4225-A602-360A0AF648BF}.Release|Any CPU.Build.0 = Release|Any CPU
	EndGlobalSection
	GlobalSection(SolutionProperties) = preSolution
		HideSolutionNode = FALSE
	EndGlobalSection
	GlobalSection(ExtensibilityGlobals) = postSolution
		SolutionGuid = {EE212346-C9AE-42F8-8C66-782D6AA0D331}
	EndGlobalSection
EndGlobal
