
Microsoft Visual Studio Solution File, Format Version 12.00
# Visual Studio Version 17
VisualStudioVersion = 17.3.32804.467
MinimumVisualStudioVersion = 10.0.40219.1
Project("{FAE04EC0-301F-11D3-BF4B-00C04F79EFBC}") = "WebAPI", "WebAPI\WebAPI.csproj", "{4B160EF3-0F46-498A-B879-14E6BA35847D}"
EndProject
Project("{FAE04EC0-301F-11D3-BF4B-00C04F79EFBC}") = "Mapper", "Mapper\Mapper.csproj", "{ABD86A2A-D3B4-4781-A3D2-B239C6030220}"
EndProject
Project("{FAE04EC0-301F-11D3-BF4B-00C04F79EFBC}") = "Models", "Models\Models.csproj", "{829CBB13-4342-4EF1-BB0C-9FAD563696D7}"
EndProject
Global
	GlobalSection(SolutionConfigurationPlatforms) = preSolution
		Debug|Any CPU = Debug|Any CPU
		Release|Any CPU = Release|Any CPU
	EndGlobalSection
	GlobalSection(ProjectConfigurationPlatforms) = postSolution
		{4B160EF3-0F46-498A-B879-14E6BA35847D}.Debug|Any CPU.ActiveCfg = Debug|Any CPU
		{4B160EF3-0F46-498A-B879-14E6BA35847D}.Debug|Any CPU.Build.0 = Debug|Any CPU
		{4B160EF3-0F46-498A-B879-14E6BA35847D}.Release|Any CPU.ActiveCfg = Release|Any CPU
		{4B160EF3-0F46-498A-B879-14E6BA35847D}.Release|Any CPU.Build.0 = Release|Any CPU
		{ABD86A2A-D3B4-4781-A3D2-B239C6030220}.Debug|Any CPU.ActiveCfg = Debug|Any CPU
		{ABD86A2A-D3B4-4781-A3D2-B239C6030220}.Debug|Any CPU.Build.0 = Debug|Any CPU
		{ABD86A2A-D3B4-4781-A3D2-B239C6030220}.Release|Any CPU.ActiveCfg = Release|Any CPU
		{ABD86A2A-D3B4-4781-A3D2-B239C6030220}.Release|Any CPU.Build.0 = Release|Any CPU
		{829CBB13-4342-4EF1-BB0C-9FAD563696D7}.Debug|Any CPU.ActiveCfg = Debug|Any CPU
		{829CBB13-4342-4EF1-BB0C-9FAD563696D7}.Debug|Any CPU.Build.0 = Debug|Any CPU
		{829CBB13-4342-4EF1-BB0C-9FAD563696D7}.Release|Any CPU.ActiveCfg = Release|Any CPU
		{829CBB13-4342-4EF1-BB0C-9FAD563696D7}.Release|Any CPU.Build.0 = Release|Any CPU
	EndGlobalSection
	GlobalSection(SolutionProperties) = preSolution
		HideSolutionNode = FALSE
	EndGlobalSection
	GlobalSection(ExtensibilityGlobals) = postSolution
		SolutionGuid = {EE212346-C9AE-42F8-8C66-782D6AA0D331}
	EndGlobalSection
EndGlobal
